
Microsoft Visual Studio Solution File, Format Version 12.00
# Visual Studio Version 17
VisualStudioVersion = 17.3.32804.467
MinimumVisualStudioVersion = 10.0.40219.1
Project("{9A19103F-16F7-4668-BE54-9A1E7A4F7556}") = "Hypnos-CSharp", "Hypnos-CSharp.csproj", "{1A182CD1-2EB3-4198-A003-994B1B04D004}"
EndProject
Project("{9A19103F-16F7-4668-BE54-9A1E7A4F7556}") = "Hypnos-Core-CSharp", "Core\Hypnos-Core-CSharp.csproj", "{202B5EDF-C853-4566-BB6F-108D8C86A9D6}"
EndProject
Global
	GlobalSection(SolutionConfigurationPlatforms) = preSolution
		Debug|Any CPU = Debug|Any CPU
		Release|Any CPU = Release|Any CPU
	EndGlobalSection
	GlobalSection(ProjectConfigurationPlatforms) = postSolution
		{1A182CD1-2EB3-4198-A003-994B1B04D004}.Debug|Any CPU.ActiveCfg = Debug|Any CPU
		{1A182CD1-2EB3-4198-A003-994B1B04D004}.Debug|Any CPU.Build.0 = Debug|Any CPU
		{1A182CD1-2EB3-4198-A003-994B1B04D004}.Release|Any CPU.ActiveCfg = Release|Any CPU
		{1A182CD1-2EB3-4198-A003-994B1B04D004}.Release|Any CPU.Build.0 = Release|Any CPU
		{202B5EDF-C853-4566-BB6F-108D8C86A9D6}.Debug|Any CPU.ActiveCfg = Debug|Any CPU
		{202B5EDF-C853-4566-BB6F-108D8C86A9D6}.Debug|Any CPU.Build.0 = Debug|Any CPU
		{202B5EDF-C853-4566-BB6F-108D8C86A9D6}.Release|Any CPU.ActiveCfg = Release|Any CPU
		{202B5EDF-C853-4566-BB6F-108D8C86A9D6}.Release|Any CPU.Build.0 = Release|Any CPU
	EndGlobalSection
	GlobalSection(SolutionProperties) = preSolution
		HideSolutionNode = FALSE
	EndGlobalSection
	GlobalSection(ExtensibilityGlobals) = postSolution
		SolutionGuid = {C5419EF2-116B-4C62-A375-66763471F11F}
	EndGlobalSection
EndGlobal
